
Microsoft Visual Studio Solution File, Format Version 12.00
# Visual Studio 15
VisualStudioVersion = 15.0.28010.2046
MinimumVisualStudioVersion = 10.0.40219.1
Project("{FAE04EC0-301F-11D3-BF4B-00C04F79EFBC}") = "test0514-ChatServer", "test0514-ChatServer\test0514-ChatServer.csproj", "{DC309AC8-1329-470B-9CB1-CA4D37F10D92}"
EndProject
Global
	GlobalSection(SolutionConfigurationPlatforms) = preSolution
		Debug|Any CPU = Debug|Any CPU
		Release|Any CPU = Release|Any CPU
	EndGlobalSection
	GlobalSection(ProjectConfigurationPlatforms) = postSolution
		{DC309AC8-1329-470B-9CB1-CA4D37F10D92}.Debug|Any CPU.ActiveCfg = Debug|Any CPU
		{DC309AC8-1329-470B-9CB1-CA4D37F10D92}.Debug|Any CPU.Build.0 = Debug|Any CPU
		{DC309AC8-1329-470B-9CB1-CA4D37F10D92}.Release|Any CPU.ActiveCfg = Release|Any CPU
		{DC309AC8-1329-470B-9CB1-CA4D37F10D92}.Release|Any CPU.Build.0 = Release|Any CPU
	EndGlobalSection
	GlobalSection(SolutionProperties) = preSolution
		HideSolutionNode = FALSE
	EndGlobalSection
	GlobalSection(ExtensibilityGlobals) = postSolution
		SolutionGuid = {BED68CF0-35C6-4124-8857-C3B8A8E215F1}
	EndGlobalSection
EndGlobal
