
Microsoft Visual Studio Solution File, Format Version 12.00
# Visual Studio 15
VisualStudioVersion = 15.0.28010.2016
MinimumVisualStudioVersion = 10.0.40219.1
Project("{FAE04EC0-301F-11D3-BF4B-00C04F79EFBC}") = "lesson0514-Chat Server", "lesson0514-Chat Server\lesson0514-Chat Server.csproj", "{F6C2D673-22AF-4408-BD46-930E9B44F15A}"
EndProject
Global
	GlobalSection(SolutionConfigurationPlatforms) = preSolution
		Debug|Any CPU = Debug|Any CPU
		Release|Any CPU = Release|Any CPU
	EndGlobalSection
	GlobalSection(ProjectConfigurationPlatforms) = postSolution
		{F6C2D673-22AF-4408-BD46-930E9B44F15A}.Debug|Any CPU.ActiveCfg = Debug|Any CPU
		{F6C2D673-22AF-4408-BD46-930E9B44F15A}.Debug|Any CPU.Build.0 = Debug|Any CPU
		{F6C2D673-22AF-4408-BD46-930E9B44F15A}.Release|Any CPU.ActiveCfg = Release|Any CPU
		{F6C2D673-22AF-4408-BD46-930E9B44F15A}.Release|Any CPU.Build.0 = Release|Any CPU
	EndGlobalSection
	GlobalSection(SolutionProperties) = preSolution
		HideSolutionNode = FALSE
	EndGlobalSection
	GlobalSection(ExtensibilityGlobals) = postSolution
		SolutionGuid = {AC6319EA-F444-42F0-933F-008DF4D201D5}
	EndGlobalSection
EndGlobal
