
Microsoft Visual Studio Solution File, Format Version 12.00
# Visual Studio 15
VisualStudioVersion = 15.0.28010.2046
MinimumVisualStudioVersion = 10.0.40219.1
Project("{FAE04EC0-301F-11D3-BF4B-00C04F79EFBC}") = "WindowsFormsApp1", "WindowsFormsApp1\WindowsFormsApp1.csproj", "{C623743A-E830-4142-AEA8-52E81902B71A}"
EndProject
Global
	GlobalSection(SolutionConfigurationPlatforms) = preSolution
		Debug|Any CPU = Debug|Any CPU
		Release|Any CPU = Release|Any CPU
	EndGlobalSection
	GlobalSection(ProjectConfigurationPlatforms) = postSolution
		{C623743A-E830-4142-AEA8-52E81902B71A}.Debug|Any CPU.ActiveCfg = Debug|Any CPU
		{C623743A-E830-4142-AEA8-52E81902B71A}.Debug|Any CPU.Build.0 = Debug|Any CPU
		{C623743A-E830-4142-AEA8-52E81902B71A}.Release|Any CPU.ActiveCfg = Release|Any CPU
		{C623743A-E830-4142-AEA8-52E81902B71A}.Release|Any CPU.Build.0 = Release|Any CPU
	EndGlobalSection
	GlobalSection(SolutionProperties) = preSolution
		HideSolutionNode = FALSE
	EndGlobalSection
	GlobalSection(ExtensibilityGlobals) = postSolution
		SolutionGuid = {E56EF83E-2E6B-4AD2-82E3-91295DA0C2E2}
	EndGlobalSection
EndGlobal
